// !$*UTF8*$!
{
	archiveVersion = 1;
	classes = {
	};
	objectVersion = 46;
	objects = {

/* Begin PBXBuildFile section */
		7B0598301FEF9A0500DE21EB /* AppDelegate.swift in Sources */ = {isa = PBXBuildFile; fileRef = 7B05982F1FEF9A0500DE21EB /* AppDelegate.swift */; };
		7B0598321FEF9A0500DE21EB /* ViewController.swift in Sources */ = {isa = PBXBuildFile; fileRef = 7B0598311FEF9A0500DE21EB /* ViewController.swift */; };
		7B0598351FEF9A0500DE21EB /* Main.storyboard in Resources */ = {isa = PBXBuildFile; fileRef = 7B0598331FEF9A0500DE21EB /* Main.storyboard */; };
		7B0598371FEF9A0500DE21EB /* Assets.xcassets in Resources */ = {isa = PBXBuildFile; fileRef = 7B0598361FEF9A0500DE21EB /* Assets.xcassets */; };
		7B05983A1FEF9A0500DE21EB /* LaunchScreen.storyboard in Resources */ = {isa = PBXBuildFile; fileRef = 7B0598381FEF9A0500DE21EB /* LaunchScreen.storyboard */; };
		7B0598451FEF9A0500DE21EB /* _____Tests.swift in Sources */ = {isa = PBXBuildFile; fileRef = 7B0598441FEF9A0500DE21EB /* _____Tests.swift */; };
		7B0598501FEF9A0500DE21EB /* _____UITests.swift in Sources */ = {isa = PBXBuildFile; fileRef = 7B05984F1FEF9A0500DE21EB /* _____UITests.swift */; };
/* End PBXBuildFile section */

/* Begin PBXContainerItemProxy section */
		7B0598411FEF9A0500DE21EB /* PBXContainerItemProxy */ = {
			isa = PBXContainerItemProxy;
			containerPortal = 7B0598241FEF9A0500DE21EB /* Project object */;
			proxyType = 1;
			remoteGlobalIDString = 7B05982B1FEF9A0500DE21EB;
			remoteInfo = "兵线计时器";
		};
		7B05984C1FEF9A0500DE21EB /* PBXContainerItemProxy */ = {
			isa = PBXContainerItemProxy;
			containerPortal = 7B0598241FEF9A0500DE21EB /* Project object */;
			proxyType = 1;
			remoteGlobalIDString = 7B05982B1FEF9A0500DE21EB;
			remoteInfo = "兵线计时器";
		};
/* End PBXContainerItemProxy section */

/* Begin PBXFileReference section */
		7B05982C1FEF9A0500DE21EB /* 兵线计时器.app */ = {isa = PBXFileReference; explicitFileType = wrapper.application; includeInIndex = 0; path = "兵线计时器.app"; sourceTree = BUILT_PRODUCTS_DIR; };
		7B05982F1FEF9A0500DE21EB /* AppDelegate.swift */ = {isa = PBXFileReference; lastKnownFileType = sourcecode.swift; path = AppDelegate.swift; sourceTree = "<group>"; };
		7B0598311FEF9A0500DE21EB /* ViewController.swift */ = {isa = PBXFileReference; lastKnownFileType = sourcecode.swift; path = ViewController.swift; sourceTree = "<group>"; };
		7B0598341FEF9A0500DE21EB /* Base */ = {isa = PBXFileReference; lastKnownFileType = file.storyboard; name = Base; path = Base.lproj/Main.storyboard; sourceTree = "<group>"; };
		7B0598361FEF9A0500DE21EB /* Assets.xcassets */ = {isa = PBXFileReference; lastKnownFileType = folder.assetcatalog; path = Assets.xcassets; sourceTree = "<group>"; };
		7B0598391FEF9A0500DE21EB /* Base */ = {isa = PBXFileReference; lastKnownFileType = file.storyboard; name = Base; path = Base.lproj/LaunchScreen.storyboard; sourceTree = "<group>"; };
		7B05983B1FEF9A0500DE21EB /* Info.plist */ = {isa = PBXFileReference; lastKnownFileType = text.plist.xml; path = Info.plist; sourceTree = "<group>"; };
		7B0598401FEF9A0500DE21EB /* 兵线计时器Tests.xctest */ = {isa = PBXFileReference; explicitFileType = wrapper.cfbundle; includeInIndex = 0; path = "兵线计时器Tests.xctest"; sourceTree = BUILT_PRODUCTS_DIR; };
		7B0598441FEF9A0500DE21EB /* _____Tests.swift */ = {isa = PBXFileReference; lastKnownFileType = sourcecode.swift; path = "_____Tests.swift"; sourceTree = "<group>"; };
		7B0598461FEF9A0500DE21EB /* Info.plist */ = {isa = PBXFileReference; lastKnownFileType = text.plist.xml; path = Info.plist; sourceTree = "<group>"; };
		7B05984B1FEF9A0500DE21EB /* 兵线计时器UITests.xctest */ = {isa = PBXFileReference; explicitFileType = wrapper.cfbundle; includeInIndex = 0; path = "兵线计时器UITests.xctest"; sourceTree = BUILT_PRODUCTS_DIR; };
		7B05984F1FEF9A0500DE21EB /* _____UITests.swift */ = {isa = PBXFileReference; lastKnownFileType = sourcecode.swift; path = "_____UITests.swift"; sourceTree = "<group>"; };
		7B0598511FEF9A0500DE21EB /* Info.plist */ = {isa = PBXFileReference; lastKnownFileType = text.plist.xml; path = Info.plist; sourceTree = "<group>"; };
/* End PBXFileReference section */

/* Begin PBXFrameworksBuildPhase section */
		7B0598291FEF9A0500DE21EB /* Frameworks */ = {
			isa = PBXFrameworksBuildPhase;
			buildActionMask = 2147483647;
			files = (
			);
			runOnlyForDeploymentPostprocessing = 0;
		};
		7B05983D1FEF9A0500DE21EB /* Frameworks */ = {
			isa = PBXFrameworksBuildPhase;
			buildActionMask = 2147483647;
			files = (
			);
			runOnlyForDeploymentPostprocessing = 0;
		};
		7B0598481FEF9A0500DE21EB /* Frameworks */ = {
			isa = PBXFrameworksBuildPhase;
			buildActionMask = 2147483647;
			files = (
			);
			runOnlyForDeploymentPostprocessing = 0;
		};
/* End PBXFrameworksBuildPhase section */

/* Begin PBXGroup section */
		7B0598231FEF9A0500DE21EB = {
			isa = PBXGroup;
			children = (
				7B05982E1FEF9A0500DE21EB /* 兵线计时器 */,
				7B0598431FEF9A0500DE21EB /* 兵线计时器Tests */,
				7B05984E1FEF9A0500DE21EB /* 兵线计时器UITests */,
				7B05982D1FEF9A0500DE21EB /* Products */,
			);
			sourceTree = "<group>";
		};
		7B05982D1FEF9A0500DE21EB /* Products */ = {
			isa = PBXGroup;
			children = (
				7B05982C1FEF9A0500DE21EB /* 兵线计时器.app */,
				7B0598401FEF9A0500DE21EB /* 兵线计时器Tests.xctest */,
				7B05984B1FEF9A0500DE21EB /* 兵线计时器UITests.xctest */,
			);
			name = Products;
			sourceTree = "<group>";
		};
		7B05982E1FEF9A0500DE21EB /* 兵线计时器 */ = {
			isa = PBXGroup;
			children = (
				7B05982F1FEF9A0500DE21EB /* AppDelegate.swift */,
				7B0598311FEF9A0500DE21EB /* ViewController.swift */,
				7B0598331FEF9A0500DE21EB /* Main.storyboard */,
				7B0598361FEF9A0500DE21EB /* Assets.xcassets */,
				7B0598381FEF9A0500DE21EB /* LaunchScreen.storyboard */,
				7B05983B1FEF9A0500DE21EB /* Info.plist */,
			);
			path = "兵线计时器";
			sourceTree = "<group>";
		};
		7B0598431FEF9A0500DE21EB /* 兵线计时器Tests */ = {
			isa = PBXGroup;
			children = (
				7B0598441FEF9A0500DE21EB /* _____Tests.swift */,
				7B0598461FEF9A0500DE21EB /* Info.plist */,
			);
			path = "兵线计时器Tests";
			sourceTree = "<group>";
		};
		7B05984E1FEF9A0500DE21EB /* 兵线计时器UITests */ = {
			isa = PBXGroup;
			children = (
				7B05984F1FEF9A0500DE21EB /* _____UITests.swift */,
				7B0598511FEF9A0500DE21EB /* Info.plist */,
			);
			path = "兵线计时器UITests";
			sourceTree = "<group>";
		};
/* End PBXGroup section */

/* Begin PBXNativeTarget section */
		7B05982B1FEF9A0500DE21EB /* 兵线计时器 */ = {
			isa = PBXNativeTarget;
			buildConfigurationList = 7B0598541FEF9A0500DE21EB /* Build configuration list for PBXNativeTarget "兵线计时器" */;
			buildPhases = (
				7B0598281FEF9A0500DE21EB /* Sources */,
				7B0598291FEF9A0500DE21EB /* Frameworks */,
				7B05982A1FEF9A0500DE21EB /* Resources */,
			);
			buildRules = (
			);
			dependencies = (
			);
			name = "兵线计时器";
			productName = "兵线计时器";
			productReference = 7B05982C1FEF9A0500DE21EB /* 兵线计时器.app */;
			productType = "com.apple.product-type.application";
		};
		7B05983F1FEF9A0500DE21EB /* 兵线计时器Tests */ = {
			isa = PBXNativeTarget;
			buildConfigurationList = 7B0598571FEF9A0500DE21EB /* Build configuration list for PBXNativeTarget "兵线计时器Tests" */;
			buildPhases = (
				7B05983C1FEF9A0500DE21EB /* Sources */,
				7B05983D1FEF9A0500DE21EB /* Frameworks */,
				7B05983E1FEF9A0500DE21EB /* Resources */,
			);
			buildRules = (
			);
			dependencies = (
				7B0598421FEF9A0500DE21EB /* PBXTargetDependency */,
			);
			name = "兵线计时器Tests";
			productName = "兵线计时器Tests";
			productReference = 7B0598401FEF9A0500DE21EB /* 兵线计时器Tests.xctest */;
			productType = "com.apple.product-type.bundle.unit-test";
		};
		7B05984A1FEF9A0500DE21EB /* 兵线计时器UITests */ = {
			isa = PBXNativeTarget;
			buildConfigurationList = 7B05985A1FEF9A0500DE21EB /* Build configuration list for PBXNativeTarget "兵线计时器UITests" */;
			buildPhases = (
				7B0598471FEF9A0500DE21EB /* Sources */,
				7B0598481FEF9A0500DE21EB /* Frameworks */,
				7B0598491FEF9A0500DE21EB /* Resources */,
			);
			buildRules = (
			);
			dependencies = (
				7B05984D1FEF9A0500DE21EB /* PBXTargetDependency */,
			);
			name = "兵线计时器UITests";
			productName = "兵线计时器UITests";
			productReference = 7B05984B1FEF9A0500DE21EB /* 兵线计时器UITests.xctest */;
			productType = "com.apple.product-type.bundle.ui-testing";
		};
/* End PBXNativeTarget section */

/* Begin PBXProject section */
		7B0598241FEF9A0500DE21EB /* Project object */ = {
			isa = PBXProject;
			attributes = {
				LastSwiftUpdateCheck = 0830;
				LastUpgradeCheck = 0830;
				ORGANIZATIONNAME = "王硕";
				TargetAttributes = {
					7B05982B1FEF9A0500DE21EB = {
						CreatedOnToolsVersion = 8.3;
						DevelopmentTeam = RCTR3W43RF;
						ProvisioningStyle = Automatic;
					};
					7B05983F1FEF9A0500DE21EB = {
						CreatedOnToolsVersion = 8.3;
						DevelopmentTeam = RCTR3W43RF;
						ProvisioningStyle = Automatic;
						TestTargetID = 7B05982B1FEF9A0500DE21EB;
					};
					7B05984A1FEF9A0500DE21EB = {
						CreatedOnToolsVersion = 8.3;
						DevelopmentTeam = RCTR3W43RF;
						ProvisioningStyle = Automatic;
						TestTargetID = 7B05982B1FEF9A0500DE21EB;
					};
				};
			};
			buildConfigurationList = 7B0598271FEF9A0500DE21EB /* Build configuration list for PBXProject "兵线计时器" */;
			compatibilityVersion = "Xcode 3.2";
			developmentRegion = English;
			hasScannedForEncodings = 0;
			knownRegions = (
				en,
				Base,
			);
			mainGroup = 7B0598231FEF9A0500DE21EB;
			productRefGroup = 7B05982D1FEF9A0500DE21EB /* Products */;
			projectDirPath = "";
			projectRoot = "";
			targets = (
				7B05982B1FEF9A0500DE21EB /* 兵线计时器 */,
				7B05983F1FEF9A0500DE21EB /* 兵线计时器Tests */,
				7B05984A1FEF9A0500DE21EB /* 兵线计时器UITests */,
			);
		};
/* End PBXProject section */

/* Begin PBXResourcesBuildPhase section */
		7B05982A1FEF9A0500DE21EB /* Resources */ = {
			isa = PBXResourcesBuildPhase;
			buildActionMask = 2147483647;
			files = (
				7B05983A1FEF9A0500DE21EB /* LaunchScreen.storyboard in Resources */,
				7B0598371FEF9A0500DE21EB /* Assets.xcassets in Resources */,
				7B0598351FEF9A0500DE21EB /* Main.storyboard in Resources */,
			);
			runOnlyForDeploymentPostprocessing = 0;
		};
		7B05983E1FEF9A0500DE21EB /* Resources */ = {
			isa = PBXResourcesBuildPhase;
			buildActionMask = 2147483647;
			files = (
			);
			runOnlyForDeploymentPostprocessing = 0;
		};
		7B0598491FEF9A0500DE21EB /* Resources */ = {
			isa = PBXResourcesBuildPhase;
			buildActionMask = 2147483647;
			files = (
			);
			runOnlyForDeploymentPostprocessing = 0;
		};
/* End PBXResourcesBuildPhase section */

/* Begin PBXSourcesBuildPhase section */
		7B0598281FEF9A0500DE21EB /* Sources */ = {
			isa = PBXSourcesBuildPhase;
			buildActionMask = 2147483647;
			files = (
				7B0598321FEF9A0500DE21EB /* ViewController.swift in Sources */,
				7B0598301FEF9A0500DE21EB /* AppDelegate.swift in Sources */,
			);
			runOnlyForDeploymentPostprocessing = 0;
		};
		7B05983C1FEF9A0500DE21EB /* Sources */ = {
			isa = PBXSourcesBuildPhase;
			buildActionMask = 2147483647;
			files = (
				7B0598451FEF9A0500DE21EB /* _____Tests.swift in Sources */,
			);
			runOnlyForDeploymentPostprocessing = 0;
		};
		7B0598471FEF9A0500DE21EB /* Sources */ = {
			isa = PBXSourcesBuildPhase;
			buildActionMask = 2147483647;
			files = (
				7B0598501FEF9A0500DE21EB /* _____UITests.swift in Sources */,
			);
			runOnlyForDeploymentPostprocessing = 0;
		};
/* End PBXSourcesBuildPhase section */

/* Begin PBXTargetDependency section */
		7B0598421FEF9A0500DE21EB /* PBXTargetDependency */ = {
			isa = PBXTargetDependency;
			target = 7B05982B1FEF9A0500DE21EB /* 兵线计时器 */;
			targetProxy = 7B0598411FEF9A0500DE21EB /* PBXContainerItemProxy */;
		};
		7B05984D1FEF9A0500DE21EB /* PBXTargetDependency */ = {
			isa = PBXTargetDependency;
			target = 7B05982B1FEF9A0500DE21EB /* 兵线计时器 */;
			targetProxy = 7B05984C1FEF9A0500DE21EB /* PBXContainerItemProxy */;
		};
/* End PBXTargetDependency section */

/* Begin PBXVariantGroup section */
		7B0598331FEF9A0500DE21EB /* Main.storyboard */ = {
			isa = PBXVariantGroup;
			children = (
				7B0598341FEF9A0500DE21EB /* Base */,
			);
			name = Main.storyboard;
			sourceTree = "<group>";
		};
		7B0598381FEF9A0500DE21EB /* LaunchScreen.storyboard */ = {
			isa = PBXVariantGroup;
			children = (
				7B0598391FEF9A0500DE21EB /* Base */,
			);
			name = LaunchScreen.storyboard;
			sourceTree = "<group>";
		};
/* End PBXVariantGroup section */

/* Begin XCBuildConfiguration section */
		7B0598521FEF9A0500DE21EB /* Debug */ = {
			isa = XCBuildConfiguration;
			buildSettings = {
				ALWAYS_SEARCH_USER_PATHS = NO;
				CLANG_ANALYZER_NONNULL = YES;
				CLANG_ANALYZER_NUMBER_OBJECT_CONVERSION = YES_AGGRESSIVE;
				CLANG_CXX_LANGUAGE_STANDARD = "gnu++0x";
				CLANG_CXX_LIBRARY = "libc++";
				CLANG_ENABLE_MODULES = YES;
				CLANG_ENABLE_OBJC_ARC = YES;
				CLANG_WARN_BOOL_CONVERSION = YES;
				CLANG_WARN_CONSTANT_CONVERSION = YES;
				CLANG_WARN_DIRECT_OBJC_ISA_USAGE = YES_ERROR;
				CLANG_WARN_DOCUMENTATION_COMMENTS = YES;
				CLANG_WARN_EMPTY_BODY = YES;
				CLANG_WARN_ENUM_CONVERSION = YES;
				CLANG_WARN_INFINITE_RECURSION = YES;
				CLANG_WARN_INT_CONVERSION = YES;
				CLANG_WARN_OBJC_ROOT_CLASS = YES_ERROR;
				CLANG_WARN_SUSPICIOUS_MOVE = YES;
				CLANG_WARN_UNREACHABLE_CODE = YES;
				CLANG_WARN__DUPLICATE_METHOD_MATCH = YES;
				"CODE_SIGN_IDENTITY[sdk=iphoneos*]" = "iPhone Developer";
				COPY_PHASE_STRIP = NO;
				DEBUG_INFORMATION_FORMAT = dwarf;
				ENABLE_STRICT_OBJC_MSGSEND = YES;
				ENABLE_TESTABILITY = YES;
				GCC_C_LANGUAGE_STANDARD = gnu99;
				GCC_DYNAMIC_NO_PIC = NO;
				GCC_NO_COMMON_BLOCKS = YES;
				GCC_OPTIMIZATION_LEVEL = 0;
				GCC_PREPROCESSOR_DEFINITIONS = (
					"DEBUG=1",
					"$(inherited)",
				);
				GCC_WARN_64_TO_32_BIT_CONVERSION = YES;
				GCC_WARN_ABOUT_RETURN_TYPE = YES_ERROR;
				GCC_WARN_UNDECLARED_SELECTOR = YES;
				GCC_WARN_UNINITIALIZED_AUTOS = YES_AGGRESSIVE;
				GCC_WARN_UNUSED_FUNCTION = YES;
				GCC_WARN_UNUSED_VARIABLE = YES;
				IPHONEOS_DEPLOYMENT_TARGET = 10.3;
				MTL_ENABLE_DEBUG_INFO = YES;
				ONLY_ACTIVE_ARCH = YES;
				SDKROOT = iphoneos;
				SWIFT_ACTIVE_COMPILATION_CONDITIONS = DEBUG;
				SWIFT_OPTIMIZATION_LEVEL = "-Onone";
				TARGETED_DEVICE_FAMILY = 2;
			};
			name = Debug;
		};
		7B0598531FEF9A0500DE21EB /* Release */ = {
			isa = XCBuildConfiguration;
			buildSettings = {
				ALWAYS_SEARCH_USER_PATHS = NO;
				CLANG_ANALYZER_NONNULL = YES;
				CLANG_ANALYZER_NUMBER_OBJECT_CONVERSION = YES_AGGRESSIVE;
				CLANG_CXX_LANGUAGE_STANDARD = "gnu++0x";
				CLANG_CXX_LIBRARY = "libc++";
				CLANG_ENABLE_MODULES = YES;
				CLANG_ENABLE_OBJC_ARC = YES;
				CLANG_WARN_BOOL_CONVERSION = YES;
				CLANG_WARN_CONSTANT_CONVERSION = YES;
				CLANG_WARN_DIRECT_OBJC_ISA_USAGE = YES_ERROR;
				CLANG_WARN_DOCUMENTATION_COMMENTS = YES;
				CLANG_WARN_EMPTY_BODY = YES;
				CLANG_WARN_ENUM_CONVERSION = YES;
				CLANG_WARN_INFINITE_RECURSION = YES;
				CLANG_WARN_INT_CONVERSION = YES;
				CLANG_WARN_OBJC_ROOT_CLASS = YES_ERROR;
				CLANG_WARN_SUSPICIOUS_MOVE = YES;
				CLANG_WARN_UNREACHABLE_CODE = YES;
				CLANG_WARN__DUPLICATE_METHOD_MATCH = YES;
				"CODE_SIGN_IDENTITY[sdk=iphoneos*]" = "iPhone Developer";
				COPY_PHASE_STRIP = NO;
				DEBUG_INFORMATION_FORMAT = "dwarf-with-dsym";
				ENABLE_NS_ASSERTIONS = NO;
				ENABLE_STRICT_OBJC_MSGSEND = YES;
				GCC_C_LANGUAGE_STANDARD = gnu99;
				GCC_NO_COMMON_BLOCKS = YES;
				GCC_WARN_64_TO_32_BIT_CONVERSION = YES;
				GCC_WARN_ABOUT_RETURN_TYPE = YES_ERROR;
				GCC_WARN_UNDECLARED_SELECTOR = YES;
				GCC_WARN_UNINITIALIZED_AUTOS = YES_AGGRESSIVE;
				GCC_WARN_UNUSED_FUNCTION = YES;
				GCC_WARN_UNUSED_VARIABLE = YES;
				IPHONEOS_DEPLOYMENT_TARGET = 10.3;
				MTL_ENABLE_DEBUG_INFO = NO;
				SDKROOT = iphoneos;
				SWIFT_OPTIMIZATION_LEVEL = "-Owholemodule";
				TARGETED_DEVICE_FAMILY = 2;
				VALIDATE_PRODUCT = YES;
			};
			name = Release;
		};
		7B0598551FEF9A0500DE21EB /* Debug */ = {
			isa = XCBuildConfiguration;
			buildSettings = {
				ASSETCATALOG_COMPILER_APPICON_NAME = AppIcon;
				DEVELOPMENT_TEAM = RCTR3W43RF;
				INFOPLIST_FILE = "兵线计时器/Info.plist";
				LD_RUNPATH_SEARCH_PATHS = "$(inherited) @executable_path/Frameworks";
				PRODUCT_BUNDLE_IDENTIFIER = "com.wanghuo.-----";
				PRODUCT_NAME = "$(TARGET_NAME)";
				SWIFT_VERSION = 3.0;
			};
			name = Debug;
		};
		7B0598561FEF9A0500DE21EB /* Release */ = {
			isa = XCBuildConfiguration;
			buildSettings = {
				ASSETCATALOG_COMPILER_APPICON_NAME = AppIcon;
				DEVELOPMENT_TEAM = RCTR3W43RF;
				INFOPLIST_FILE = "兵线计时器/Info.plist";
				LD_RUNPATH_SEARCH_PATHS = "$(inherited) @executable_path/Frameworks";
				PRODUCT_BUNDLE_IDENTIFIER = "com.wanghuo.-----";
				PRODUCT_NAME = "$(TARGET_NAME)";
				SWIFT_VERSION = 3.0;
			};
			name = Release;
		};
		7B0598581FEF9A0500DE21EB /* Debug */ = {
			isa = XCBuildConfiguration;
			buildSettings = {
				ALWAYS_EMBED_SWIFT_STANDARD_LIBRARIES = YES;
				BUNDLE_LOADER = "$(TEST_HOST)";
				DEVELOPMENT_TEAM = RCTR3W43RF;
				INFOPLIST_FILE = "兵线计时器Tests/Info.plist";
				LD_RUNPATH_SEARCH_PATHS = "$(inherited) @executable_path/Frameworks @loader_path/Frameworks";
				PRODUCT_BUNDLE_IDENTIFIER = "com.wanghuo.-----Tests";
				PRODUCT_NAME = "$(TARGET_NAME)";
				SWIFT_VERSION = 3.0;
				TEST_HOST = "$(BUILT_PRODUCTS_DIR)/兵线计时器.app/兵线计时器";
			};
			name = Debug;
		};
		7B0598591FEF9A0500DE21EB /* Release */ = {
			isa = XCBuildConfiguration;
			buildSettings = {
				ALWAYS_EMBED_SWIFT_STANDARD_LIBRARIES = YES;
				BUNDLE_LOADER = "$(TEST_HOST)";
				DEVELOPMENT_TEAM = RCTR3W43RF;
				INFOPLIST_FILE = "兵线计时器Tests/Info.plist";
				LD_RUNPATH_SEARCH_PATHS = "$(inherited) @executable_path/Frameworks @loader_path/Frameworks";
				PRODUCT_BUNDLE_IDENTIFIER = "com.wanghuo.-----Tests";
				PRODUCT_NAME = "$(TARGET_NAME)";
				SWIFT_VERSION = 3.0;
				TEST_HOST = "$(BUILT_PRODUCTS_DIR)/兵线计时器.app/兵线计时器";
			};
			name = Release;
		};
		7B05985B1FEF9A0500DE21EB /* Debug */ = {
			isa = XCBuildConfiguration;
			buildSettings = {
				ALWAYS_EMBED_SWIFT_STANDARD_LIBRARIES = YES;
				DEVELOPMENT_TEAM = RCTR3W43RF;
				INFOPLIST_FILE = "兵线计时器UITests/Info.plist";
				LD_RUNPATH_SEARCH_PATHS = "$(inherited) @executable_path/Frameworks @loader_path/Frameworks";
				PRODUCT_BUNDLE_IDENTIFIER = "com.wanghuo.-----UITests";
				PRODUCT_NAME = "$(TARGET_NAME)";
				SWIFT_VERSION = 3.0;
				TEST_TARGET_NAME = "兵线计时器";
			};
			name = Debug;
		};
		7B05985C1FEF9A0500DE21EB /* Release */ = {
			isa = XCBuildConfiguration;
			buildSettings = {
				ALWAYS_EMBED_SWIFT_STANDARD_LIBRARIES = YES;
				DEVELOPMENT_TEAM = RCTR3W43RF;
				INFOPLIST_FILE = "兵线计时器UITests/Info.plist";
				LD_RUNPATH_SEARCH_PATHS = "$(inherited) @executable_path/Frameworks @loader_path/Frameworks";
				PRODUCT_BUNDLE_IDENTIFIER = "com.wanghuo.-----UITests";
				PRODUCT_NAME = "$(TARGET_NAME)";
				SWIFT_VERSION = 3.0;
				TEST_TARGET_NAME = "兵线计时器";
			};
			name = Release;
		};
/* End XCBuildConfiguration section */

/* Begin XCConfigurationList section */
		7B0598271FEF9A0500DE21EB /* Build configuration list for PBXProject "兵线计时器" */ = {
			isa = XCConfigurationList;
			buildConfigurations = (
				7B0598521FEF9A0500DE21EB /* Debug */,
				7B0598531FEF9A0500DE21EB /* Release */,
			);
			defaultConfigurationIsVisible = 0;
			defaultConfigurationName = Release;
		};
		7B0598541FEF9A0500DE21EB /* Build configuration list for PBXNativeTarget "兵线计时器" */ = {
			isa = XCConfigurationList;
			buildConfigurations = (
				7B0598551FEF9A0500DE21EB /* Debug */,
				7B0598561FEF9A0500DE21EB /* Release */,
			);
			defaultConfigurationIsVisible = 0;
		};
		7B0598571FEF9A0500DE21EB /* Build configuration list for PBXNativeTarget "兵线计时器Tests" */ = {
			isa = XCConfigurationList;
			buildConfigurations = (
				7B0598581FEF9A0500DE21EB /* Debug */,
				7B0598591FEF9A0500DE21EB /* Release */,
			);
			defaultConfigurationIsVisible = 0;
		};
		7B05985A1FEF9A0500DE21EB /* Build configuration list for PBXNativeTarget "兵线计时器UITests" */ = {
			isa = XCConfigurationList;
			buildConfigurations = (
				7B05985B1FEF9A0500DE21EB /* Debug */,
				7B05985C1FEF9A0500DE21EB /* Release */,
			);
			defaultConfigurationIsVisible = 0;
		};
/* End XCConfigurationList section */
	};
	rootObject = 7B0598241FEF9A0500DE21EB /* Project object */;
}
